
Microsoft Visual Studio Solution File, Format Version 12.00
# Visual Studio 14
VisualStudioVersion = 14.0.25420.1
MinimumVisualStudioVersion = 10.0.40219.1
Project("{FAE04EC0-301F-11D3-BF4B-00C04F79EFBC}") = "Replace Sub Strings", "Replace Sub Strings\Replace Sub Strings.csproj", "{ABBEE1D0-FF40-4C02-93C7-1951975D81BF}"
EndProject
Global
	GlobalSection(SolutionConfigurationPlatforms) = preSolution
		Debug|Any CPU = Debug|Any CPU
		Release|Any CPU = Release|Any CPU
	EndGlobalSection
	GlobalSection(ProjectConfigurationPlatforms) = postSolution
		{ABBEE1D0-FF40-4C02-93C7-1951975D81BF}.Debug|Any CPU.ActiveCfg = Debug|Any CPU
		{ABBEE1D0-FF40-4C02-93C7-1951975D81BF}.Debug|Any CPU.Build.0 = Debug|Any CPU
		{ABBEE1D0-FF40-4C02-93C7-1951975D81BF}.Release|Any CPU.ActiveCfg = Release|Any CPU
		{ABBEE1D0-FF40-4C02-93C7-1951975D81BF}.Release|Any CPU.Build.0 = Release|Any CPU
	EndGlobalSection
	GlobalSection(SolutionProperties) = preSolution
		HideSolutionNode = FALSE
	EndGlobalSection
EndGlobal
