
Microsoft Visual Studio Solution File, Format Version 12.00
# Visual Studio 14
VisualStudioVersion = 14.0.25420.1
MinimumVisualStudioVersion = 10.0.40219.1
Project("{FAE04EC0-301F-11D3-BF4B-00C04F79EFBC}") = "Maximal area sum", "Maximal area sum\Maximal area sum.csproj", "{F664C21F-2C52-4354-881F-28D9A406E4EE}"
EndProject
Global
	GlobalSection(SolutionConfigurationPlatforms) = preSolution
		Debug|Any CPU = Debug|Any CPU
		Release|Any CPU = Release|Any CPU
	EndGlobalSection
	GlobalSection(ProjectConfigurationPlatforms) = postSolution
		{F664C21F-2C52-4354-881F-28D9A406E4EE}.Debug|Any CPU.ActiveCfg = Debug|Any CPU
		{F664C21F-2C52-4354-881F-28D9A406E4EE}.Debug|Any CPU.Build.0 = Debug|Any CPU
		{F664C21F-2C52-4354-881F-28D9A406E4EE}.Release|Any CPU.ActiveCfg = Release|Any CPU
		{F664C21F-2C52-4354-881F-28D9A406E4EE}.Release|Any CPU.Build.0 = Release|Any CPU
	EndGlobalSection
	GlobalSection(SolutionProperties) = preSolution
		HideSolutionNode = FALSE
	EndGlobalSection
EndGlobal
