
Microsoft Visual Studio Solution File, Format Version 12.00
# Visual Studio 14
VisualStudioVersion = 14.0.25420.1
MinimumVisualStudioVersion = 10.0.40219.1
Project("{FAE04EC0-301F-11D3-BF4B-00C04F79EFBC}") = "Compare text files", "Compare text files\Compare text files.csproj", "{73083E2F-3297-40F0-8D89-32B74D0F4ECF}"
EndProject
Global
	GlobalSection(SolutionConfigurationPlatforms) = preSolution
		Debug|Any CPU = Debug|Any CPU
		Release|Any CPU = Release|Any CPU
	EndGlobalSection
	GlobalSection(ProjectConfigurationPlatforms) = postSolution
		{73083E2F-3297-40F0-8D89-32B74D0F4ECF}.Debug|Any CPU.ActiveCfg = Debug|Any CPU
		{73083E2F-3297-40F0-8D89-32B74D0F4ECF}.Debug|Any CPU.Build.0 = Debug|Any CPU
		{73083E2F-3297-40F0-8D89-32B74D0F4ECF}.Release|Any CPU.ActiveCfg = Release|Any CPU
		{73083E2F-3297-40F0-8D89-32B74D0F4ECF}.Release|Any CPU.Build.0 = Release|Any CPU
	EndGlobalSection
	GlobalSection(SolutionProperties) = preSolution
		HideSolutionNode = FALSE
	EndGlobalSection
EndGlobal
