
Microsoft Visual Studio Solution File, Format Version 12.00
# Visual Studio 14
VisualStudioVersion = 14.0.25420.1
MinimumVisualStudioVersion = 10.0.40219.1
Project("{FAE04EC0-301F-11D3-BF4B-00C04F79EFBC}") = "Sum of 3 numbers", "Sum of 3 numbers\Sum of 3 numbers.csproj", "{EE6932D7-AAAA-4460-85BA-40B60E1B61D0}"
EndProject
Global
	GlobalSection(SolutionConfigurationPlatforms) = preSolution
		Debug|Any CPU = Debug|Any CPU
		Release|Any CPU = Release|Any CPU
	EndGlobalSection
	GlobalSection(ProjectConfigurationPlatforms) = postSolution
		{EE6932D7-AAAA-4460-85BA-40B60E1B61D0}.Debug|Any CPU.ActiveCfg = Debug|Any CPU
		{EE6932D7-AAAA-4460-85BA-40B60E1B61D0}.Debug|Any CPU.Build.0 = Debug|Any CPU
		{EE6932D7-AAAA-4460-85BA-40B60E1B61D0}.Release|Any CPU.ActiveCfg = Release|Any CPU
		{EE6932D7-AAAA-4460-85BA-40B60E1B61D0}.Release|Any CPU.Build.0 = Release|Any CPU
	EndGlobalSection
	GlobalSection(SolutionProperties) = preSolution
		HideSolutionNode = FALSE
	EndGlobalSection
EndGlobal
