
Microsoft Visual Studio Solution File, Format Version 12.00
# Visual Studio 14
VisualStudioVersion = 14.0.25420.1
MinimumVisualStudioVersion = 10.0.40219.1
Project("{FAE04EC0-301F-11D3-BF4B-00C04F79EFBC}") = "forbidden words", "forbidden words\forbidden words.csproj", "{1E918C45-C7E7-4B55-8353-93FCACF7A9DC}"
EndProject
Global
	GlobalSection(SolutionConfigurationPlatforms) = preSolution
		Debug|Any CPU = Debug|Any CPU
		Release|Any CPU = Release|Any CPU
	EndGlobalSection
	GlobalSection(ProjectConfigurationPlatforms) = postSolution
		{1E918C45-C7E7-4B55-8353-93FCACF7A9DC}.Debug|Any CPU.ActiveCfg = Debug|Any CPU
		{1E918C45-C7E7-4B55-8353-93FCACF7A9DC}.Debug|Any CPU.Build.0 = Debug|Any CPU
		{1E918C45-C7E7-4B55-8353-93FCACF7A9DC}.Release|Any CPU.ActiveCfg = Release|Any CPU
		{1E918C45-C7E7-4B55-8353-93FCACF7A9DC}.Release|Any CPU.Build.0 = Release|Any CPU
	EndGlobalSection
	GlobalSection(SolutionProperties) = preSolution
		HideSolutionNode = FALSE
	EndGlobalSection
EndGlobal
