
Microsoft Visual Studio Solution File, Format Version 12.00
# Visual Studio 14
VisualStudioVersion = 14.0.25420.1
MinimumVisualStudioVersion = 10.0.40219.1
Project("{FAE04EC0-301F-11D3-BF4B-00C04F79EFBC}") = "permutations of 1 to N", "permutations of 1 to N\permutations of 1 to N.csproj", "{A449D76E-1C31-444F-AFCA-EEB13FA7C23C}"
EndProject
Global
	GlobalSection(SolutionConfigurationPlatforms) = preSolution
		Debug|Any CPU = Debug|Any CPU
		Release|Any CPU = Release|Any CPU
	EndGlobalSection
	GlobalSection(ProjectConfigurationPlatforms) = postSolution
		{A449D76E-1C31-444F-AFCA-EEB13FA7C23C}.Debug|Any CPU.ActiveCfg = Debug|Any CPU
		{A449D76E-1C31-444F-AFCA-EEB13FA7C23C}.Debug|Any CPU.Build.0 = Debug|Any CPU
		{A449D76E-1C31-444F-AFCA-EEB13FA7C23C}.Release|Any CPU.ActiveCfg = Release|Any CPU
		{A449D76E-1C31-444F-AFCA-EEB13FA7C23C}.Release|Any CPU.Build.0 = Release|Any CPU
	EndGlobalSection
	GlobalSection(SolutionProperties) = preSolution
		HideSolutionNode = FALSE
	EndGlobalSection
EndGlobal
